// !$*UTF8*$!
{
	archiveVersion = 1;
	classes = {
	};
	objectVersion = 50;
	objects = {

/* Begin PBXBuildFile section */
		2D2E65E197C4685294AA1C59 /* Pods_News_Challenge_News_ChallengeUITests.framework in Frameworks */ = {isa = PBXBuildFile; fileRef = 3CA910FFCC560D7EB903A9EC /* Pods_News_Challenge_News_ChallengeUITests.framework */; };
		94735B4B55347AE546EC9735 /* Pods_News_ChallengeTests.framework in Frameworks */ = {isa = PBXBuildFile; fileRef = 14C5C9526C4F3DD1640893B1 /* Pods_News_ChallengeTests.framework */; };
		A927E21225AD1CD0003E2F60 /* AppDelegate.swift in Sources */ = {isa = PBXBuildFile; fileRef = A927E21125AD1CD0003E2F60 /* AppDelegate.swift */; };
		A927E21B25AD1CD3003E2F60 /* Assets.xcassets in Resources */ = {isa = PBXBuildFile; fileRef = A927E21A25AD1CD3003E2F60 /* Assets.xcassets */; };
		A927E21E25AD1CD3003E2F60 /* LaunchScreen.storyboard in Resources */ = {isa = PBXBuildFile; fileRef = A927E21C25AD1CD3003E2F60 /* LaunchScreen.storyboard */; };
		A927E22925AD1CD3003E2F60 /* News_ChallengeTests.swift in Sources */ = {isa = PBXBuildFile; fileRef = A927E22825AD1CD3003E2F60 /* News_ChallengeTests.swift */; };
		A927E23425AD1CD3003E2F60 /* News_ChallengeUITests.swift in Sources */ = {isa = PBXBuildFile; fileRef = A927E23325AD1CD3003E2F60 /* News_ChallengeUITests.swift */; };
		A927E25025AD37FD003E2F60 /* AppPreferences.swift in Sources */ = {isa = PBXBuildFile; fileRef = A927E24F25AD37FD003E2F60 /* AppPreferences.swift */; };
		A927E25825AD3933003E2F60 /* SplashPresenterProtocol.swift in Sources */ = {isa = PBXBuildFile; fileRef = A927E25725AD3933003E2F60 /* SplashPresenterProtocol.swift */; };
		A927E26025AD393E003E2F60 /* SplashViewProtocol.swift in Sources */ = {isa = PBXBuildFile; fileRef = A927E25F25AD393E003E2F60 /* SplashViewProtocol.swift */; };
		A927E26725AD3A3D003E2F60 /* SplashVC.swift in Sources */ = {isa = PBXBuildFile; fileRef = A927E26525AD3A3D003E2F60 /* SplashVC.swift */; };
		A927E26825AD3A3D003E2F60 /* SplashVC.xib in Resources */ = {isa = PBXBuildFile; fileRef = A927E26625AD3A3D003E2F60 /* SplashVC.xib */; };
		A927E27125AD3B00003E2F60 /* SplashPresenter.swift in Sources */ = {isa = PBXBuildFile; fileRef = A927E27025AD3B00003E2F60 /* SplashPresenter.swift */; };
		A927E27B25AD3E16003E2F60 /* LoginPresenterProtocol.swift in Sources */ = {isa = PBXBuildFile; fileRef = A927E27A25AD3E16003E2F60 /* LoginPresenterProtocol.swift */; };
		A927E28025AD3E24003E2F60 /* LoginViewProtocol.swift in Sources */ = {isa = PBXBuildFile; fileRef = A927E27F25AD3E24003E2F60 /* LoginViewProtocol.swift */; };
		A927E28525AD3E33003E2F60 /* LoginServiceProtocol.swift in Sources */ = {isa = PBXBuildFile; fileRef = A927E28425AD3E33003E2F60 /* LoginServiceProtocol.swift */; };
		A927E28C25ADB440003E2F60 /* LoginPresenter.swift in Sources */ = {isa = PBXBuildFile; fileRef = A927E28B25ADB440003E2F60 /* LoginPresenter.swift */; };
		A927E29425ADB5C2003E2F60 /* LoginVC.swift in Sources */ = {isa = PBXBuildFile; fileRef = A927E29225ADB5C2003E2F60 /* LoginVC.swift */; };
		A927E29525ADB5C2003E2F60 /* LoginVC.xib in Resources */ = {isa = PBXBuildFile; fileRef = A927E29325ADB5C2003E2F60 /* LoginVC.xib */; };
		A927E29A25ADB602003E2F60 /* LoginService.swift in Sources */ = {isa = PBXBuildFile; fileRef = A927E29925ADB602003E2F60 /* LoginService.swift */; };
		A927E2A225ADCFE5003E2F60 /* SignUpViewProtocol.swift in Sources */ = {isa = PBXBuildFile; fileRef = A927E2A125ADCFE5003E2F60 /* SignUpViewProtocol.swift */; };
		A927E2AA25ADCFF2003E2F60 /* SignUpServiceProtocol.swift in Sources */ = {isa = PBXBuildFile; fileRef = A927E2A925ADCFF2003E2F60 /* SignUpServiceProtocol.swift */; };
		A927E2AF25ADD001003E2F60 /* SignUpPresenterProtocol.swift in Sources */ = {isa = PBXBuildFile; fileRef = A927E2AE25ADD001003E2F60 /* SignUpPresenterProtocol.swift */; };
		A927E2BA25ADD49A003E2F60 /* SignUpPresenter.swift in Sources */ = {isa = PBXBuildFile; fileRef = A927E2B925ADD49A003E2F60 /* SignUpPresenter.swift */; };
		A927E2BF25ADD513003E2F60 /* SignUpService.swift in Sources */ = {isa = PBXBuildFile; fileRef = A927E2BE25ADD513003E2F60 /* SignUpService.swift */; };
		A927E2C525ADD53D003E2F60 /* SignUpVC.swift in Sources */ = {isa = PBXBuildFile; fileRef = A927E2C325ADD53D003E2F60 /* SignUpVC.swift */; };
		A927E2C625ADD53D003E2F60 /* SignUpVC.xib in Resources */ = {isa = PBXBuildFile; fileRef = A927E2C425ADD53D003E2F60 /* SignUpVC.xib */; };
		A9A2DA3525AE6B490047F95E /* SignUpFormError.swift in Sources */ = {isa = PBXBuildFile; fileRef = A9A2DA3425AE6B490047F95E /* SignUpFormError.swift */; };
		A9A2DA3D25AE72270047F95E /* Util.swift in Sources */ = {isa = PBXBuildFile; fileRef = A9A2DA3C25AE72270047F95E /* Util.swift */; };
		A9A2DA4325AE7B170047F95E /* String+Trimm.swift in Sources */ = {isa = PBXBuildFile; fileRef = A9A2DA4225AE7B170047F95E /* String+Trimm.swift */; };
		A9A2DA4925AE83470047F95E /* LoginFormError.swift in Sources */ = {isa = PBXBuildFile; fileRef = A9A2DA4825AE83470047F95E /* LoginFormError.swift */; };
		A9A2DA5125AE861F0047F95E /* DateUtils.swift in Sources */ = {isa = PBXBuildFile; fileRef = A9A2DA5025AE861F0047F95E /* DateUtils.swift */; };
		A9A2DA5C25AE89B30047F95E /* UIViewController+Alert.swift in Sources */ = {isa = PBXBuildFile; fileRef = A9A2DA5B25AE89B30047F95E /* UIViewController+Alert.swift */; };
		DF6864A1A6320D4C2A262D8F /* Pods_News_Challenge.framework in Frameworks */ = {isa = PBXBuildFile; fileRef = 1DED9849F0A8E1EBCCF9879D /* Pods_News_Challenge.framework */; };
/* End PBXBuildFile section */

/* Begin PBXContainerItemProxy section */
		A927E22525AD1CD3003E2F60 /* PBXContainerItemProxy */ = {
			isa = PBXContainerItemProxy;
			containerPortal = A927E20625AD1CD0003E2F60 /* Project object */;
			proxyType = 1;
			remoteGlobalIDString = A927E20D25AD1CD0003E2F60;
			remoteInfo = "News Challenge";
		};
		A927E23025AD1CD3003E2F60 /* PBXContainerItemProxy */ = {
			isa = PBXContainerItemProxy;
			containerPortal = A927E20625AD1CD0003E2F60 /* Project object */;
			proxyType = 1;
			remoteGlobalIDString = A927E20D25AD1CD0003E2F60;
			remoteInfo = "News Challenge";
		};
/* End PBXContainerItemProxy section */

/* Begin PBXFileReference section */
		14C5C9526C4F3DD1640893B1 /* Pods_News_ChallengeTests.framework */ = {isa = PBXFileReference; explicitFileType = wrapper.framework; includeInIndex = 0; path = Pods_News_ChallengeTests.framework; sourceTree = BUILT_PRODUCTS_DIR; };
		1DED9849F0A8E1EBCCF9879D /* Pods_News_Challenge.framework */ = {isa = PBXFileReference; explicitFileType = wrapper.framework; includeInIndex = 0; path = Pods_News_Challenge.framework; sourceTree = BUILT_PRODUCTS_DIR; };
		268C2AD915220ECBDD7FD280 /* Pods-News Challenge-News ChallengeUITests.debug.xcconfig */ = {isa = PBXFileReference; includeInIndex = 1; lastKnownFileType = text.xcconfig; name = "Pods-News Challenge-News ChallengeUITests.debug.xcconfig"; path = "Target Support Files/Pods-News Challenge-News ChallengeUITests/Pods-News Challenge-News ChallengeUITests.debug.xcconfig"; sourceTree = "<group>"; };
		2F2B260818B92B4F3A016824 /* Pods-News Challenge-News ChallengeUITests.release.xcconfig */ = {isa = PBXFileReference; includeInIndex = 1; lastKnownFileType = text.xcconfig; name = "Pods-News Challenge-News ChallengeUITests.release.xcconfig"; path = "Target Support Files/Pods-News Challenge-News ChallengeUITests/Pods-News Challenge-News ChallengeUITests.release.xcconfig"; sourceTree = "<group>"; };
		3CA910FFCC560D7EB903A9EC /* Pods_News_Challenge_News_ChallengeUITests.framework */ = {isa = PBXFileReference; explicitFileType = wrapper.framework; includeInIndex = 0; path = Pods_News_Challenge_News_ChallengeUITests.framework; sourceTree = BUILT_PRODUCTS_DIR; };
		4552CF45C665F949EBBF8413 /* Pods-News ChallengeTests.debug.xcconfig */ = {isa = PBXFileReference; includeInIndex = 1; lastKnownFileType = text.xcconfig; name = "Pods-News ChallengeTests.debug.xcconfig"; path = "Target Support Files/Pods-News ChallengeTests/Pods-News ChallengeTests.debug.xcconfig"; sourceTree = "<group>"; };
		4D2BE46CADE4D8909022C7C0 /* Pods-News ChallengeTests.release.xcconfig */ = {isa = PBXFileReference; includeInIndex = 1; lastKnownFileType = text.xcconfig; name = "Pods-News ChallengeTests.release.xcconfig"; path = "Target Support Files/Pods-News ChallengeTests/Pods-News ChallengeTests.release.xcconfig"; sourceTree = "<group>"; };
		A927E20E25AD1CD0003E2F60 /* News Challenge.app */ = {isa = PBXFileReference; explicitFileType = wrapper.application; includeInIndex = 0; path = "News Challenge.app"; sourceTree = BUILT_PRODUCTS_DIR; };
		A927E21125AD1CD0003E2F60 /* AppDelegate.swift */ = {isa = PBXFileReference; lastKnownFileType = sourcecode.swift; path = AppDelegate.swift; sourceTree = "<group>"; };
		A927E21A25AD1CD3003E2F60 /* Assets.xcassets */ = {isa = PBXFileReference; lastKnownFileType = folder.assetcatalog; path = Assets.xcassets; sourceTree = "<group>"; };
		A927E21D25AD1CD3003E2F60 /* Base */ = {isa = PBXFileReference; lastKnownFileType = file.storyboard; name = Base; path = Base.lproj/LaunchScreen.storyboard; sourceTree = "<group>"; };
		A927E21F25AD1CD3003E2F60 /* Info.plist */ = {isa = PBXFileReference; lastKnownFileType = text.plist.xml; path = Info.plist; sourceTree = "<group>"; };
		A927E22425AD1CD3003E2F60 /* News ChallengeTests.xctest */ = {isa = PBXFileReference; explicitFileType = wrapper.cfbundle; includeInIndex = 0; path = "News ChallengeTests.xctest"; sourceTree = BUILT_PRODUCTS_DIR; };
		A927E22825AD1CD3003E2F60 /* News_ChallengeTests.swift */ = {isa = PBXFileReference; lastKnownFileType = sourcecode.swift; path = News_ChallengeTests.swift; sourceTree = "<group>"; };
		A927E22A25AD1CD3003E2F60 /* Info.plist */ = {isa = PBXFileReference; lastKnownFileType = text.plist.xml; path = Info.plist; sourceTree = "<group>"; };
		A927E22F25AD1CD3003E2F60 /* News ChallengeUITests.xctest */ = {isa = PBXFileReference; explicitFileType = wrapper.cfbundle; includeInIndex = 0; path = "News ChallengeUITests.xctest"; sourceTree = BUILT_PRODUCTS_DIR; };
		A927E23325AD1CD3003E2F60 /* News_ChallengeUITests.swift */ = {isa = PBXFileReference; lastKnownFileType = sourcecode.swift; path = News_ChallengeUITests.swift; sourceTree = "<group>"; };
		A927E23525AD1CD3003E2F60 /* Info.plist */ = {isa = PBXFileReference; lastKnownFileType = text.plist.xml; path = Info.plist; sourceTree = "<group>"; };
		A927E24F25AD37FD003E2F60 /* AppPreferences.swift */ = {isa = PBXFileReference; lastKnownFileType = sourcecode.swift; path = AppPreferences.swift; sourceTree = "<group>"; };
		A927E25725AD3933003E2F60 /* SplashPresenterProtocol.swift */ = {isa = PBXFileReference; lastKnownFileType = sourcecode.swift; path = SplashPresenterProtocol.swift; sourceTree = "<group>"; };
		A927E25F25AD393E003E2F60 /* SplashViewProtocol.swift */ = {isa = PBXFileReference; lastKnownFileType = sourcecode.swift; path = SplashViewProtocol.swift; sourceTree = "<group>"; };
		A927E26525AD3A3D003E2F60 /* SplashVC.swift */ = {isa = PBXFileReference; lastKnownFileType = sourcecode.swift; path = SplashVC.swift; sourceTree = "<group>"; };
		A927E26625AD3A3D003E2F60 /* SplashVC.xib */ = {isa = PBXFileReference; lastKnownFileType = file.xib; path = SplashVC.xib; sourceTree = "<group>"; };
		A927E27025AD3B00003E2F60 /* SplashPresenter.swift */ = {isa = PBXFileReference; lastKnownFileType = sourcecode.swift; path = SplashPresenter.swift; sourceTree = "<group>"; };
		A927E27A25AD3E16003E2F60 /* LoginPresenterProtocol.swift */ = {isa = PBXFileReference; lastKnownFileType = sourcecode.swift; path = LoginPresenterProtocol.swift; sourceTree = "<group>"; };
		A927E27F25AD3E24003E2F60 /* LoginViewProtocol.swift */ = {isa = PBXFileReference; lastKnownFileType = sourcecode.swift; path = LoginViewProtocol.swift; sourceTree = "<group>"; };
		A927E28425AD3E33003E2F60 /* LoginServiceProtocol.swift */ = {isa = PBXFileReference; lastKnownFileType = sourcecode.swift; path = LoginServiceProtocol.swift; sourceTree = "<group>"; };
		A927E28B25ADB440003E2F60 /* LoginPresenter.swift */ = {isa = PBXFileReference; lastKnownFileType = sourcecode.swift; path = LoginPresenter.swift; sourceTree = "<group>"; };
		A927E29225ADB5C2003E2F60 /* LoginVC.swift */ = {isa = PBXFileReference; lastKnownFileType = sourcecode.swift; path = LoginVC.swift; sourceTree = "<group>"; };
		A927E29325ADB5C2003E2F60 /* LoginVC.xib */ = {isa = PBXFileReference; lastKnownFileType = file.xib; path = LoginVC.xib; sourceTree = "<group>"; };
		A927E29925ADB602003E2F60 /* LoginService.swift */ = {isa = PBXFileReference; lastKnownFileType = sourcecode.swift; path = LoginService.swift; sourceTree = "<group>"; };
		A927E2A125ADCFE5003E2F60 /* SignUpViewProtocol.swift */ = {isa = PBXFileReference; lastKnownFileType = sourcecode.swift; path = SignUpViewProtocol.swift; sourceTree = "<group>"; };
		A927E2A925ADCFF2003E2F60 /* SignUpServiceProtocol.swift */ = {isa = PBXFileReference; lastKnownFileType = sourcecode.swift; path = SignUpServiceProtocol.swift; sourceTree = "<group>"; };
		A927E2AE25ADD001003E2F60 /* SignUpPresenterProtocol.swift */ = {isa = PBXFileReference; lastKnownFileType = sourcecode.swift; path = SignUpPresenterProtocol.swift; sourceTree = "<group>"; };
		A927E2B925ADD49A003E2F60 /* SignUpPresenter.swift */ = {isa = PBXFileReference; lastKnownFileType = sourcecode.swift; path = SignUpPresenter.swift; sourceTree = "<group>"; };
		A927E2BE25ADD513003E2F60 /* SignUpService.swift */ = {isa = PBXFileReference; lastKnownFileType = sourcecode.swift; path = SignUpService.swift; sourceTree = "<group>"; };
		A927E2C325ADD53D003E2F60 /* SignUpVC.swift */ = {isa = PBXFileReference; lastKnownFileType = sourcecode.swift; path = SignUpVC.swift; sourceTree = "<group>"; };
		A927E2C425ADD53D003E2F60 /* SignUpVC.xib */ = {isa = PBXFileReference; lastKnownFileType = file.xib; path = SignUpVC.xib; sourceTree = "<group>"; };
		A9A2DA3425AE6B490047F95E /* SignUpFormError.swift */ = {isa = PBXFileReference; lastKnownFileType = sourcecode.swift; path = SignUpFormError.swift; sourceTree = "<group>"; };
		A9A2DA3C25AE72270047F95E /* Util.swift */ = {isa = PBXFileReference; lastKnownFileType = sourcecode.swift; path = Util.swift; sourceTree = "<group>"; };
		A9A2DA4225AE7B170047F95E /* String+Trimm.swift */ = {isa = PBXFileReference; lastKnownFileType = sourcecode.swift; path = "String+Trimm.swift"; sourceTree = "<group>"; };
		A9A2DA4825AE83470047F95E /* LoginFormError.swift */ = {isa = PBXFileReference; lastKnownFileType = sourcecode.swift; path = LoginFormError.swift; sourceTree = "<group>"; };
		A9A2DA5025AE861F0047F95E /* DateUtils.swift */ = {isa = PBXFileReference; lastKnownFileType = sourcecode.swift; path = DateUtils.swift; sourceTree = "<group>"; };
		A9A2DA5B25AE89B30047F95E /* UIViewController+Alert.swift */ = {isa = PBXFileReference; lastKnownFileType = sourcecode.swift; path = "UIViewController+Alert.swift"; sourceTree = "<group>"; };
		C1F462AD80A9E738D8BB9221 /* Pods-News Challenge.debug.xcconfig */ = {isa = PBXFileReference; includeInIndex = 1; lastKnownFileType = text.xcconfig; name = "Pods-News Challenge.debug.xcconfig"; path = "Target Support Files/Pods-News Challenge/Pods-News Challenge.debug.xcconfig"; sourceTree = "<group>"; };
		E72ABB3E0D407A23C1C4ECE8 /* Pods-News Challenge.release.xcconfig */ = {isa = PBXFileReference; includeInIndex = 1; lastKnownFileType = text.xcconfig; name = "Pods-News Challenge.release.xcconfig"; path = "Target Support Files/Pods-News Challenge/Pods-News Challenge.release.xcconfig"; sourceTree = "<group>"; };
/* End PBXFileReference section */

/* Begin PBXFrameworksBuildPhase section */
		A927E20B25AD1CD0003E2F60 /* Frameworks */ = {
			isa = PBXFrameworksBuildPhase;
			buildActionMask = 2147483647;
			files = (
				DF6864A1A6320D4C2A262D8F /* Pods_News_Challenge.framework in Frameworks */,
			);
			runOnlyForDeploymentPostprocessing = 0;
		};
		A927E22125AD1CD3003E2F60 /* Frameworks */ = {
			isa = PBXFrameworksBuildPhase;
			buildActionMask = 2147483647;
			files = (
				94735B4B55347AE546EC9735 /* Pods_News_ChallengeTests.framework in Frameworks */,
			);
			runOnlyForDeploymentPostprocessing = 0;
		};
		A927E22C25AD1CD3003E2F60 /* Frameworks */ = {
			isa = PBXFrameworksBuildPhase;
			buildActionMask = 2147483647;
			files = (
				2D2E65E197C4685294AA1C59 /* Pods_News_Challenge_News_ChallengeUITests.framework in Frameworks */,
			);
			runOnlyForDeploymentPostprocessing = 0;
		};
/* End PBXFrameworksBuildPhase section */

/* Begin PBXGroup section */
		0A7A790266428576AC1D3FC5 /* Frameworks */ = {
			isa = PBXGroup;
			children = (
				1DED9849F0A8E1EBCCF9879D /* Pods_News_Challenge.framework */,
				3CA910FFCC560D7EB903A9EC /* Pods_News_Challenge_News_ChallengeUITests.framework */,
				14C5C9526C4F3DD1640893B1 /* Pods_News_ChallengeTests.framework */,
			);
			name = Frameworks;
			sourceTree = "<group>";
		};
		A927E20525AD1CD0003E2F60 = {
			isa = PBXGroup;
			children = (
				A927E21025AD1CD0003E2F60 /* News Challenge */,
				A927E22725AD1CD3003E2F60 /* News ChallengeTests */,
				A927E23225AD1CD3003E2F60 /* News ChallengeUITests */,
				A927E20F25AD1CD0003E2F60 /* Products */,
				D372DF132A335FCD23515E9A /* Pods */,
				0A7A790266428576AC1D3FC5 /* Frameworks */,
			);
			sourceTree = "<group>";
		};
		A927E20F25AD1CD0003E2F60 /* Products */ = {
			isa = PBXGroup;
			children = (
				A927E20E25AD1CD0003E2F60 /* News Challenge.app */,
				A927E22425AD1CD3003E2F60 /* News ChallengeTests.xctest */,
				A927E22F25AD1CD3003E2F60 /* News ChallengeUITests.xctest */,
			);
			name = Products;
			sourceTree = "<group>";
		};
		A927E21025AD1CD0003E2F60 /* News Challenge */ = {
			isa = PBXGroup;
			children = (
				A9A2DA4125AE7AF00047F95E /* extensions */,
				A927E25425AD387B003E2F60 /* modules */,
				A927E24E25AD37CD003E2F60 /* util */,
				A927E21125AD1CD0003E2F60 /* AppDelegate.swift */,
				A927E21A25AD1CD3003E2F60 /* Assets.xcassets */,
				A927E21C25AD1CD3003E2F60 /* LaunchScreen.storyboard */,
				A927E21F25AD1CD3003E2F60 /* Info.plist */,
			);
			path = "News Challenge";
			sourceTree = "<group>";
		};
		A927E22725AD1CD3003E2F60 /* News ChallengeTests */ = {
			isa = PBXGroup;
			children = (
				A927E22825AD1CD3003E2F60 /* News_ChallengeTests.swift */,
				A927E22A25AD1CD3003E2F60 /* Info.plist */,
			);
			path = "News ChallengeTests";
			sourceTree = "<group>";
		};
		A927E23225AD1CD3003E2F60 /* News ChallengeUITests */ = {
			isa = PBXGroup;
			children = (
				A927E23325AD1CD3003E2F60 /* News_ChallengeUITests.swift */,
				A927E23525AD1CD3003E2F60 /* Info.plist */,
			);
			path = "News ChallengeUITests";
			sourceTree = "<group>";
		};
		A927E24E25AD37CD003E2F60 /* util */ = {
			isa = PBXGroup;
			children = (
				A927E24F25AD37FD003E2F60 /* AppPreferences.swift */,
				A9A2DA3C25AE72270047F95E /* Util.swift */,
				A9A2DA5025AE861F0047F95E /* DateUtils.swift */,
			);
			path = util;
			sourceTree = "<group>";
		};
		A927E25425AD387B003E2F60 /* modules */ = {
			isa = PBXGroup;
			children = (
				A927E27825AD3DF9003E2F60 /* login */,
				A927E29F25ADCFBE003E2F60 /* signUp */,
				A927E25525AD388D003E2F60 /* splash */,
			);
			path = modules;
			sourceTree = "<group>";
		};
		A927E25525AD388D003E2F60 /* splash */ = {
			isa = PBXGroup;
			children = (
				A927E25625AD3917003E2F60 /* protocols */,
				A927E26F25AD3AEC003E2F60 /* presenter */,
				A927E26425AD3A23003E2F60 /* view */,
			);
			path = splash;
			sourceTree = "<group>";
		};
		A927E25625AD3917003E2F60 /* protocols */ = {
			isa = PBXGroup;
			children = (
				A927E25725AD3933003E2F60 /* SplashPresenterProtocol.swift */,
				A927E25F25AD393E003E2F60 /* SplashViewProtocol.swift */,
			);
			path = protocols;
			sourceTree = "<group>";
		};
		A927E26425AD3A23003E2F60 /* view */ = {
			isa = PBXGroup;
			children = (
				A927E26525AD3A3D003E2F60 /* SplashVC.swift */,
				A927E26625AD3A3D003E2F60 /* SplashVC.xib */,
			);
			path = view;
			sourceTree = "<group>";
		};
		A927E26F25AD3AEC003E2F60 /* presenter */ = {
			isa = PBXGroup;
			children = (
				A927E27025AD3B00003E2F60 /* SplashPresenter.swift */,
			);
			path = presenter;
			sourceTree = "<group>";
		};
		A927E27825AD3DF9003E2F60 /* login */ = {
			isa = PBXGroup;
			children = (
				A9A2DA4725AE83390047F95E /* error */,
				A927E27925AD3E00003E2F60 /* protocols */,
				A927E28A25ADB429003E2F60 /* presenter */,
				A927E29025ADB509003E2F60 /* service */,
				A927E29125ADB5A7003E2F60 /* view */,
			);
			path = login;
			sourceTree = "<group>";
		};
		A927E27925AD3E00003E2F60 /* protocols */ = {
			isa = PBXGroup;
			children = (
				A927E27A25AD3E16003E2F60 /* LoginPresenterProtocol.swift */,
				A927E28425AD3E33003E2F60 /* LoginServiceProtocol.swift */,
				A927E27F25AD3E24003E2F60 /* LoginViewProtocol.swift */,
			);
			path = protocols;
			sourceTree = "<group>";
		};
		A927E28A25ADB429003E2F60 /* presenter */ = {
			isa = PBXGroup;
			children = (
				A927E28B25ADB440003E2F60 /* LoginPresenter.swift */,
			);
			path = presenter;
			sourceTree = "<group>";
		};
		A927E29025ADB509003E2F60 /* service */ = {
			isa = PBXGroup;
			children = (
				A927E29925ADB602003E2F60 /* LoginService.swift */,
			);
			path = service;
			sourceTree = "<group>";
		};
		A927E29125ADB5A7003E2F60 /* view */ = {
			isa = PBXGroup;
			children = (
				A927E29225ADB5C2003E2F60 /* LoginVC.swift */,
				A927E29325ADB5C2003E2F60 /* LoginVC.xib */,
			);
			path = view;
			sourceTree = "<group>";
		};
		A927E29F25ADCFBE003E2F60 /* signUp */ = {
			isa = PBXGroup;
			children = (
				A9A2DA3325AE6AF20047F95E /* error */,
				A927E2A025ADCFCC003E2F60 /* protocols */,
				A927E2B625ADD476003E2F60 /* presenter */,
				A927E2B725ADD47E003E2F60 /* service */,
				A927E2B825ADD484003E2F60 /* view */,
			);
			path = signUp;
			sourceTree = "<group>";
		};
		A927E2A025ADCFCC003E2F60 /* protocols */ = {
			isa = PBXGroup;
			children = (
				A927E2AE25ADD001003E2F60 /* SignUpPresenterProtocol.swift */,
				A927E2A925ADCFF2003E2F60 /* SignUpServiceProtocol.swift */,
				A927E2A125ADCFE5003E2F60 /* SignUpViewProtocol.swift */,
			);
			path = protocols;
			sourceTree = "<group>";
		};
		A927E2B625ADD476003E2F60 /* presenter */ = {
			isa = PBXGroup;
			children = (
				A927E2B925ADD49A003E2F60 /* SignUpPresenter.swift */,
			);
			path = presenter;
			sourceTree = "<group>";
		};
		A927E2B725ADD47E003E2F60 /* service */ = {
			isa = PBXGroup;
			children = (
				A927E2BE25ADD513003E2F60 /* SignUpService.swift */,
			);
			path = service;
			sourceTree = "<group>";
		};
		A927E2B825ADD484003E2F60 /* view */ = {
			isa = PBXGroup;
			children = (
				A927E2C325ADD53D003E2F60 /* SignUpVC.swift */,
				A927E2C425ADD53D003E2F60 /* SignUpVC.xib */,
			);
			path = view;
			sourceTree = "<group>";
		};
		A9A2DA3325AE6AF20047F95E /* error */ = {
			isa = PBXGroup;
			children = (
				A9A2DA3425AE6B490047F95E /* SignUpFormError.swift */,
			);
			path = error;
			sourceTree = "<group>";
		};
		A9A2DA4125AE7AF00047F95E /* extensions */ = {
			isa = PBXGroup;
			children = (
				A9A2DA4225AE7B170047F95E /* String+Trimm.swift */,
				A9A2DA5B25AE89B30047F95E /* UIViewController+Alert.swift */,
			);
			path = extensions;
			sourceTree = "<group>";
		};
		A9A2DA4725AE83390047F95E /* error */ = {
			isa = PBXGroup;
			children = (
				A9A2DA4825AE83470047F95E /* LoginFormError.swift */,
			);
			path = error;
			sourceTree = "<group>";
		};
		D372DF132A335FCD23515E9A /* Pods */ = {
			isa = PBXGroup;
			children = (
				C1F462AD80A9E738D8BB9221 /* Pods-News Challenge.debug.xcconfig */,
				E72ABB3E0D407A23C1C4ECE8 /* Pods-News Challenge.release.xcconfig */,
				268C2AD915220ECBDD7FD280 /* Pods-News Challenge-News ChallengeUITests.debug.xcconfig */,
				2F2B260818B92B4F3A016824 /* Pods-News Challenge-News ChallengeUITests.release.xcconfig */,
				4552CF45C665F949EBBF8413 /* Pods-News ChallengeTests.debug.xcconfig */,
				4D2BE46CADE4D8909022C7C0 /* Pods-News ChallengeTests.release.xcconfig */,
			);
			name = Pods;
			path = Pods;
			sourceTree = "<group>";
		};
/* End PBXGroup section */

/* Begin PBXNativeTarget section */
		A927E20D25AD1CD0003E2F60 /* News Challenge */ = {
			isa = PBXNativeTarget;
			buildConfigurationList = A927E23825AD1CD3003E2F60 /* Build configuration list for PBXNativeTarget "News Challenge" */;
			buildPhases = (
				88619FE06B9C76A19054A2C3 /* [CP] Check Pods Manifest.lock */,
				A927E20A25AD1CD0003E2F60 /* Sources */,
				A927E20B25AD1CD0003E2F60 /* Frameworks */,
				A927E20C25AD1CD0003E2F60 /* Resources */,
				E50035A62C6D9AFE1A910ADC /* [CP] Embed Pods Frameworks */,
			);
			buildRules = (
			);
			dependencies = (
			);
			name = "News Challenge";
			productName = "News Challenge";
			productReference = A927E20E25AD1CD0003E2F60 /* News Challenge.app */;
			productType = "com.apple.product-type.application";
		};
		A927E22325AD1CD3003E2F60 /* News ChallengeTests */ = {
			isa = PBXNativeTarget;
			buildConfigurationList = A927E23B25AD1CD3003E2F60 /* Build configuration list for PBXNativeTarget "News ChallengeTests" */;
			buildPhases = (
				B639EBF1DA298834DB24A3E4 /* [CP] Check Pods Manifest.lock */,
				A927E22025AD1CD3003E2F60 /* Sources */,
				A927E22125AD1CD3003E2F60 /* Frameworks */,
				A927E22225AD1CD3003E2F60 /* Resources */,
			);
			buildRules = (
			);
			dependencies = (
				A927E22625AD1CD3003E2F60 /* PBXTargetDependency */,
			);
			name = "News ChallengeTests";
			productName = "News ChallengeTests";
			productReference = A927E22425AD1CD3003E2F60 /* News ChallengeTests.xctest */;
			productType = "com.apple.product-type.bundle.unit-test";
		};
		A927E22E25AD1CD3003E2F60 /* News ChallengeUITests */ = {
			isa = PBXNativeTarget;
			buildConfigurationList = A927E23E25AD1CD3003E2F60 /* Build configuration list for PBXNativeTarget "News ChallengeUITests" */;
			buildPhases = (
				69988A5B715F19B169DBC072 /* [CP] Check Pods Manifest.lock */,
				A927E22B25AD1CD3003E2F60 /* Sources */,
				A927E22C25AD1CD3003E2F60 /* Frameworks */,
				A927E22D25AD1CD3003E2F60 /* Resources */,
				2D0C6638769D027DA4C7AC27 /* [CP] Embed Pods Frameworks */,
			);
			buildRules = (
			);
			dependencies = (
				A927E23125AD1CD3003E2F60 /* PBXTargetDependency */,
			);
			name = "News ChallengeUITests";
			productName = "News ChallengeUITests";
			productReference = A927E22F25AD1CD3003E2F60 /* News ChallengeUITests.xctest */;
			productType = "com.apple.product-type.bundle.ui-testing";
		};
/* End PBXNativeTarget section */

/* Begin PBXProject section */
		A927E20625AD1CD0003E2F60 /* Project object */ = {
			isa = PBXProject;
			attributes = {
				LastSwiftUpdateCheck = 1200;
				LastUpgradeCheck = 1200;
				TargetAttributes = {
					A927E20D25AD1CD0003E2F60 = {
						CreatedOnToolsVersion = 12.0.1;
					};
					A927E22325AD1CD3003E2F60 = {
						CreatedOnToolsVersion = 12.0.1;
						TestTargetID = A927E20D25AD1CD0003E2F60;
					};
					A927E22E25AD1CD3003E2F60 = {
						CreatedOnToolsVersion = 12.0.1;
						TestTargetID = A927E20D25AD1CD0003E2F60;
					};
				};
			};
			buildConfigurationList = A927E20925AD1CD0003E2F60 /* Build configuration list for PBXProject "News Challenge" */;
			compatibilityVersion = "Xcode 9.3";
			developmentRegion = en;
			hasScannedForEncodings = 0;
			knownRegions = (
				en,
				Base,
			);
			mainGroup = A927E20525AD1CD0003E2F60;
			productRefGroup = A927E20F25AD1CD0003E2F60 /* Products */;
			projectDirPath = "";
			projectRoot = "";
			targets = (
				A927E20D25AD1CD0003E2F60 /* News Challenge */,
				A927E22325AD1CD3003E2F60 /* News ChallengeTests */,
				A927E22E25AD1CD3003E2F60 /* News ChallengeUITests */,
			);
		};
/* End PBXProject section */

/* Begin PBXResourcesBuildPhase section */
		A927E20C25AD1CD0003E2F60 /* Resources */ = {
			isa = PBXResourcesBuildPhase;
			buildActionMask = 2147483647;
			files = (
				A927E26825AD3A3D003E2F60 /* SplashVC.xib in Resources */,
				A927E21E25AD1CD3003E2F60 /* LaunchScreen.storyboard in Resources */,
				A927E2C625ADD53D003E2F60 /* SignUpVC.xib in Resources */,
				A927E29525ADB5C2003E2F60 /* LoginVC.xib in Resources */,
				A927E21B25AD1CD3003E2F60 /* Assets.xcassets in Resources */,
			);
			runOnlyForDeploymentPostprocessing = 0;
		};
		A927E22225AD1CD3003E2F60 /* Resources */ = {
			isa = PBXResourcesBuildPhase;
			buildActionMask = 2147483647;
			files = (
			);
			runOnlyForDeploymentPostprocessing = 0;
		};
		A927E22D25AD1CD3003E2F60 /* Resources */ = {
			isa = PBXResourcesBuildPhase;
			buildActionMask = 2147483647;
			files = (
			);
			runOnlyForDeploymentPostprocessing = 0;
		};
/* End PBXResourcesBuildPhase section */

/* Begin PBXShellScriptBuildPhase section */
		2D0C6638769D027DA4C7AC27 /* [CP] Embed Pods Frameworks */ = {
			isa = PBXShellScriptBuildPhase;
			buildActionMask = 2147483647;
			files = (
			);
			inputFileListPaths = (
				"${PODS_ROOT}/Target Support Files/Pods-News Challenge-News ChallengeUITests/Pods-News Challenge-News ChallengeUITests-frameworks-${CONFIGURATION}-input-files.xcfilelist",
			);
			name = "[CP] Embed Pods Frameworks";
			outputFileListPaths = (
				"${PODS_ROOT}/Target Support Files/Pods-News Challenge-News ChallengeUITests/Pods-News Challenge-News ChallengeUITests-frameworks-${CONFIGURATION}-output-files.xcfilelist",
			);
			runOnlyForDeploymentPostprocessing = 0;
			shellPath = /bin/sh;
			shellScript = "\"${PODS_ROOT}/Target Support Files/Pods-News Challenge-News ChallengeUITests/Pods-News Challenge-News ChallengeUITests-frameworks.sh\"\n";
			showEnvVarsInLog = 0;
		};
		69988A5B715F19B169DBC072 /* [CP] Check Pods Manifest.lock */ = {
			isa = PBXShellScriptBuildPhase;
			buildActionMask = 2147483647;
			files = (
			);
			inputFileListPaths = (
			);
			inputPaths = (
				"${PODS_PODFILE_DIR_PATH}/Podfile.lock",
				"${PODS_ROOT}/Manifest.lock",
			);
			name = "[CP] Check Pods Manifest.lock";
			outputFileListPaths = (
			);
			outputPaths = (
				"$(DERIVED_FILE_DIR)/Pods-News Challenge-News ChallengeUITests-checkManifestLockResult.txt",
			);
			runOnlyForDeploymentPostprocessing = 0;
			shellPath = /bin/sh;
			shellScript = "diff \"${PODS_PODFILE_DIR_PATH}/Podfile.lock\" \"${PODS_ROOT}/Manifest.lock\" > /dev/null\nif [ $? != 0 ] ; then\n    # print error to STDERR\n    echo \"error: The sandbox is not in sync with the Podfile.lock. Run 'pod install' or update your CocoaPods installation.\" >&2\n    exit 1\nfi\n# This output is used by Xcode 'outputs' to avoid re-running this script phase.\necho \"SUCCESS\" > \"${SCRIPT_OUTPUT_FILE_0}\"\n";
			showEnvVarsInLog = 0;
		};
		88619FE06B9C76A19054A2C3 /* [CP] Check Pods Manifest.lock */ = {
			isa = PBXShellScriptBuildPhase;
			buildActionMask = 2147483647;
			files = (
			);
			inputFileListPaths = (
			);
			inputPaths = (
				"${PODS_PODFILE_DIR_PATH}/Podfile.lock",
				"${PODS_ROOT}/Manifest.lock",
			);
			name = "[CP] Check Pods Manifest.lock";
			outputFileListPaths = (
			);
			outputPaths = (
				"$(DERIVED_FILE_DIR)/Pods-News Challenge-checkManifestLockResult.txt",
			);
			runOnlyForDeploymentPostprocessing = 0;
			shellPath = /bin/sh;
			shellScript = "diff \"${PODS_PODFILE_DIR_PATH}/Podfile.lock\" \"${PODS_ROOT}/Manifest.lock\" > /dev/null\nif [ $? != 0 ] ; then\n    # print error to STDERR\n    echo \"error: The sandbox is not in sync with the Podfile.lock. Run 'pod install' or update your CocoaPods installation.\" >&2\n    exit 1\nfi\n# This output is used by Xcode 'outputs' to avoid re-running this script phase.\necho \"SUCCESS\" > \"${SCRIPT_OUTPUT_FILE_0}\"\n";
			showEnvVarsInLog = 0;
		};
		B639EBF1DA298834DB24A3E4 /* [CP] Check Pods Manifest.lock */ = {
			isa = PBXShellScriptBuildPhase;
			buildActionMask = 2147483647;
			files = (
			);
			inputFileListPaths = (
			);
			inputPaths = (
				"${PODS_PODFILE_DIR_PATH}/Podfile.lock",
				"${PODS_ROOT}/Manifest.lock",
			);
			name = "[CP] Check Pods Manifest.lock";
			outputFileListPaths = (
			);
			outputPaths = (
				"$(DERIVED_FILE_DIR)/Pods-News ChallengeTests-checkManifestLockResult.txt",
			);
			runOnlyForDeploymentPostprocessing = 0;
			shellPath = /bin/sh;
			shellScript = "diff \"${PODS_PODFILE_DIR_PATH}/Podfile.lock\" \"${PODS_ROOT}/Manifest.lock\" > /dev/null\nif [ $? != 0 ] ; then\n    # print error to STDERR\n    echo \"error: The sandbox is not in sync with the Podfile.lock. Run 'pod install' or update your CocoaPods installation.\" >&2\n    exit 1\nfi\n# This output is used by Xcode 'outputs' to avoid re-running this script phase.\necho \"SUCCESS\" > \"${SCRIPT_OUTPUT_FILE_0}\"\n";
			showEnvVarsInLog = 0;
		};
		E50035A62C6D9AFE1A910ADC /* [CP] Embed Pods Frameworks */ = {
			isa = PBXShellScriptBuildPhase;
			buildActionMask = 2147483647;
			files = (
			);
			inputFileListPaths = (
				"${PODS_ROOT}/Target Support Files/Pods-News Challenge/Pods-News Challenge-frameworks-${CONFIGURATION}-input-files.xcfilelist",
			);
			name = "[CP] Embed Pods Frameworks";
			outputFileListPaths = (
				"${PODS_ROOT}/Target Support Files/Pods-News Challenge/Pods-News Challenge-frameworks-${CONFIGURATION}-output-files.xcfilelist",
			);
			runOnlyForDeploymentPostprocessing = 0;
			shellPath = /bin/sh;
			shellScript = "\"${PODS_ROOT}/Target Support Files/Pods-News Challenge/Pods-News Challenge-frameworks.sh\"\n";
			showEnvVarsInLog = 0;
		};
/* End PBXShellScriptBuildPhase section */

/* Begin PBXSourcesBuildPhase section */
		A927E20A25AD1CD0003E2F60 /* Sources */ = {
			isa = PBXSourcesBuildPhase;
			buildActionMask = 2147483647;
			files = (
				A9A2DA4925AE83470047F95E /* LoginFormError.swift in Sources */,
				A927E29425ADB5C2003E2F60 /* LoginVC.swift in Sources */,
				A927E28025AD3E24003E2F60 /* LoginViewProtocol.swift in Sources */,
				A9A2DA5125AE861F0047F95E /* DateUtils.swift in Sources */,
				A927E28525AD3E33003E2F60 /* LoginServiceProtocol.swift in Sources */,
				A927E25025AD37FD003E2F60 /* AppPreferences.swift in Sources */,
				A927E26725AD3A3D003E2F60 /* SplashVC.swift in Sources */,
				A927E28C25ADB440003E2F60 /* LoginPresenter.swift in Sources */,
				A927E2A225ADCFE5003E2F60 /* SignUpViewProtocol.swift in Sources */,
				A9A2DA3D25AE72270047F95E /* Util.swift in Sources */,
				A927E2AF25ADD001003E2F60 /* SignUpPresenterProtocol.swift in Sources */,
				A927E25825AD3933003E2F60 /* SplashPresenterProtocol.swift in Sources */,
				A927E29A25ADB602003E2F60 /* LoginService.swift in Sources */,
				A927E2C525ADD53D003E2F60 /* SignUpVC.swift in Sources */,
				A927E2AA25ADCFF2003E2F60 /* SignUpServiceProtocol.swift in Sources */,
				A9A2DA5C25AE89B30047F95E /* UIViewController+Alert.swift in Sources */,
				A9A2DA3525AE6B490047F95E /* SignUpFormError.swift in Sources */,
				A927E21225AD1CD0003E2F60 /* AppDelegate.swift in Sources */,
				A927E26025AD393E003E2F60 /* SplashViewProtocol.swift in Sources */,
				A927E2BF25ADD513003E2F60 /* SignUpService.swift in Sources */,
				A927E27125AD3B00003E2F60 /* SplashPresenter.swift in Sources */,
				A927E2BA25ADD49A003E2F60 /* SignUpPresenter.swift in Sources */,
				A927E27B25AD3E16003E2F60 /* LoginPresenterProtocol.swift in Sources */,
				A9A2DA4325AE7B170047F95E /* String+Trimm.swift in Sources */,
			);
			runOnlyForDeploymentPostprocessing = 0;
		};
		A927E22025AD1CD3003E2F60 /* Sources */ = {
			isa = PBXSourcesBuildPhase;
			buildActionMask = 2147483647;
			files = (
				A927E22925AD1CD3003E2F60 /* News_ChallengeTests.swift in Sources */,
			);
			runOnlyForDeploymentPostprocessing = 0;
		};
		A927E22B25AD1CD3003E2F60 /* Sources */ = {
			isa = PBXSourcesBuildPhase;
			buildActionMask = 2147483647;
			files = (
				A927E23425AD1CD3003E2F60 /* News_ChallengeUITests.swift in Sources */,
			);
			runOnlyForDeploymentPostprocessing = 0;
		};
/* End PBXSourcesBuildPhase section */

/* Begin PBXTargetDependency section */
		A927E22625AD1CD3003E2F60 /* PBXTargetDependency */ = {
			isa = PBXTargetDependency;
			target = A927E20D25AD1CD0003E2F60 /* News Challenge */;
			targetProxy = A927E22525AD1CD3003E2F60 /* PBXContainerItemProxy */;
		};
		A927E23125AD1CD3003E2F60 /* PBXTargetDependency */ = {
			isa = PBXTargetDependency;
			target = A927E20D25AD1CD0003E2F60 /* News Challenge */;
			targetProxy = A927E23025AD1CD3003E2F60 /* PBXContainerItemProxy */;
		};
/* End PBXTargetDependency section */

/* Begin PBXVariantGroup section */
		A927E21C25AD1CD3003E2F60 /* LaunchScreen.storyboard */ = {
			isa = PBXVariantGroup;
			children = (
				A927E21D25AD1CD3003E2F60 /* Base */,
			);
			name = LaunchScreen.storyboard;
			sourceTree = "<group>";
		};
/* End PBXVariantGroup section */

/* Begin XCBuildConfiguration section */
		A927E23625AD1CD3003E2F60 /* Debug */ = {
			isa = XCBuildConfiguration;
			buildSettings = {
				ALWAYS_SEARCH_USER_PATHS = NO;
				CLANG_ANALYZER_NONNULL = YES;
				CLANG_ANALYZER_NUMBER_OBJECT_CONVERSION = YES_AGGRESSIVE;
				CLANG_CXX_LANGUAGE_STANDARD = "gnu++14";
				CLANG_CXX_LIBRARY = "libc++";
				CLANG_ENABLE_MODULES = YES;
				CLANG_ENABLE_OBJC_ARC = YES;
				CLANG_ENABLE_OBJC_WEAK = YES;
				CLANG_WARN_BLOCK_CAPTURE_AUTORELEASING = YES;
				CLANG_WARN_BOOL_CONVERSION = YES;
				CLANG_WARN_COMMA = YES;
				CLANG_WARN_CONSTANT_CONVERSION = YES;
				CLANG_WARN_DEPRECATED_OBJC_IMPLEMENTATIONS = YES;
				CLANG_WARN_DIRECT_OBJC_ISA_USAGE = YES_ERROR;
				CLANG_WARN_DOCUMENTATION_COMMENTS = YES;
				CLANG_WARN_EMPTY_BODY = YES;
				CLANG_WARN_ENUM_CONVERSION = YES;
				CLANG_WARN_INFINITE_RECURSION = YES;
				CLANG_WARN_INT_CONVERSION = YES;
				CLANG_WARN_NON_LITERAL_NULL_CONVERSION = YES;
				CLANG_WARN_OBJC_IMPLICIT_RETAIN_SELF = YES;
				CLANG_WARN_OBJC_LITERAL_CONVERSION = YES;
				CLANG_WARN_OBJC_ROOT_CLASS = YES_ERROR;
				CLANG_WARN_QUOTED_INCLUDE_IN_FRAMEWORK_HEADER = YES;
				CLANG_WARN_RANGE_LOOP_ANALYSIS = YES;
				CLANG_WARN_STRICT_PROTOTYPES = YES;
				CLANG_WARN_SUSPICIOUS_MOVE = YES;
				CLANG_WARN_UNGUARDED_AVAILABILITY = YES_AGGRESSIVE;
				CLANG_WARN_UNREACHABLE_CODE = YES;
				CLANG_WARN__DUPLICATE_METHOD_MATCH = YES;
				COPY_PHASE_STRIP = NO;
				DEBUG_INFORMATION_FORMAT = dwarf;
				ENABLE_STRICT_OBJC_MSGSEND = YES;
				ENABLE_TESTABILITY = YES;
				GCC_C_LANGUAGE_STANDARD = gnu11;
				GCC_DYNAMIC_NO_PIC = NO;
				GCC_NO_COMMON_BLOCKS = YES;
				GCC_OPTIMIZATION_LEVEL = 0;
				GCC_PREPROCESSOR_DEFINITIONS = (
					"DEBUG=1",
					"$(inherited)",
				);
				GCC_WARN_64_TO_32_BIT_CONVERSION = YES;
				GCC_WARN_ABOUT_RETURN_TYPE = YES_ERROR;
				GCC_WARN_UNDECLARED_SELECTOR = YES;
				GCC_WARN_UNINITIALIZED_AUTOS = YES_AGGRESSIVE;
				GCC_WARN_UNUSED_FUNCTION = YES;
				GCC_WARN_UNUSED_VARIABLE = YES;
				IPHONEOS_DEPLOYMENT_TARGET = 14.0;
				MTL_ENABLE_DEBUG_INFO = INCLUDE_SOURCE;
				MTL_FAST_MATH = YES;
				ONLY_ACTIVE_ARCH = YES;
				SDKROOT = iphoneos;
				SWIFT_ACTIVE_COMPILATION_CONDITIONS = DEBUG;
				SWIFT_OPTIMIZATION_LEVEL = "-Onone";
			};
			name = Debug;
		};
		A927E23725AD1CD3003E2F60 /* Release */ = {
			isa = XCBuildConfiguration;
			buildSettings = {
				ALWAYS_SEARCH_USER_PATHS = NO;
				CLANG_ANALYZER_NONNULL = YES;
				CLANG_ANALYZER_NUMBER_OBJECT_CONVERSION = YES_AGGRESSIVE;
				CLANG_CXX_LANGUAGE_STANDARD = "gnu++14";
				CLANG_CXX_LIBRARY = "libc++";
				CLANG_ENABLE_MODULES = YES;
				CLANG_ENABLE_OBJC_ARC = YES;
				CLANG_ENABLE_OBJC_WEAK = YES;
				CLANG_WARN_BLOCK_CAPTURE_AUTORELEASING = YES;
				CLANG_WARN_BOOL_CONVERSION = YES;
				CLANG_WARN_COMMA = YES;
				CLANG_WARN_CONSTANT_CONVERSION = YES;
				CLANG_WARN_DEPRECATED_OBJC_IMPLEMENTATIONS = YES;
				CLANG_WARN_DIRECT_OBJC_ISA_USAGE = YES_ERROR;
				CLANG_WARN_DOCUMENTATION_COMMENTS = YES;
				CLANG_WARN_EMPTY_BODY = YES;
				CLANG_WARN_ENUM_CONVERSION = YES;
				CLANG_WARN_INFINITE_RECURSION = YES;
				CLANG_WARN_INT_CONVERSION = YES;
				CLANG_WARN_NON_LITERAL_NULL_CONVERSION = YES;
				CLANG_WARN_OBJC_IMPLICIT_RETAIN_SELF = YES;
				CLANG_WARN_OBJC_LITERAL_CONVERSION = YES;
				CLANG_WARN_OBJC_ROOT_CLASS = YES_ERROR;
				CLANG_WARN_QUOTED_INCLUDE_IN_FRAMEWORK_HEADER = YES;
				CLANG_WARN_RANGE_LOOP_ANALYSIS = YES;
				CLANG_WARN_STRICT_PROTOTYPES = YES;
				CLANG_WARN_SUSPICIOUS_MOVE = YES;
				CLANG_WARN_UNGUARDED_AVAILABILITY = YES_AGGRESSIVE;
				CLANG_WARN_UNREACHABLE_CODE = YES;
				CLANG_WARN__DUPLICATE_METHOD_MATCH = YES;
				COPY_PHASE_STRIP = NO;
				DEBUG_INFORMATION_FORMAT = "dwarf-with-dsym";
				ENABLE_NS_ASSERTIONS = NO;
				ENABLE_STRICT_OBJC_MSGSEND = YES;
				GCC_C_LANGUAGE_STANDARD = gnu11;
				GCC_NO_COMMON_BLOCKS = YES;
				GCC_WARN_64_TO_32_BIT_CONVERSION = YES;
				GCC_WARN_ABOUT_RETURN_TYPE = YES_ERROR;
				GCC_WARN_UNDECLARED_SELECTOR = YES;
				GCC_WARN_UNINITIALIZED_AUTOS = YES_AGGRESSIVE;
				GCC_WARN_UNUSED_FUNCTION = YES;
				GCC_WARN_UNUSED_VARIABLE = YES;
				IPHONEOS_DEPLOYMENT_TARGET = 14.0;
				MTL_ENABLE_DEBUG_INFO = NO;
				MTL_FAST_MATH = YES;
				SDKROOT = iphoneos;
				SWIFT_COMPILATION_MODE = wholemodule;
				SWIFT_OPTIMIZATION_LEVEL = "-O";
				VALIDATE_PRODUCT = YES;
			};
			name = Release;
		};
		A927E23925AD1CD3003E2F60 /* Debug */ = {
			isa = XCBuildConfiguration;
			baseConfigurationReference = C1F462AD80A9E738D8BB9221 /* Pods-News Challenge.debug.xcconfig */;
			buildSettings = {
				ASSETCATALOG_COMPILER_APPICON_NAME = AppIcon;
				ASSETCATALOG_COMPILER_GLOBAL_ACCENT_COLOR_NAME = AccentColor;
				CODE_SIGN_STYLE = Automatic;
				INFOPLIST_FILE = "News Challenge/Info.plist";
				LD_RUNPATH_SEARCH_PATHS = (
					"$(inherited)",
					"@executable_path/Frameworks",
				);
				PRODUCT_BUNDLE_IDENTIFIER = "br.com.eduardoherzer.News-Challenge";
				PRODUCT_NAME = "$(TARGET_NAME)";
				SWIFT_VERSION = 5.0;
				TARGETED_DEVICE_FAMILY = "1,2";
			};
			name = Debug;
		};
		A927E23A25AD1CD3003E2F60 /* Release */ = {
			isa = XCBuildConfiguration;
			baseConfigurationReference = E72ABB3E0D407A23C1C4ECE8 /* Pods-News Challenge.release.xcconfig */;
			buildSettings = {
				ASSETCATALOG_COMPILER_APPICON_NAME = AppIcon;
				ASSETCATALOG_COMPILER_GLOBAL_ACCENT_COLOR_NAME = AccentColor;
				CODE_SIGN_STYLE = Automatic;
				INFOPLIST_FILE = "News Challenge/Info.plist";
				LD_RUNPATH_SEARCH_PATHS = (
					"$(inherited)",
					"@executable_path/Frameworks",
				);
				PRODUCT_BUNDLE_IDENTIFIER = "br.com.eduardoherzer.News-Challenge";
				PRODUCT_NAME = "$(TARGET_NAME)";
				SWIFT_VERSION = 5.0;
				TARGETED_DEVICE_FAMILY = "1,2";
			};
			name = Release;
		};
		A927E23C25AD1CD3003E2F60 /* Debug */ = {
			isa = XCBuildConfiguration;
			baseConfigurationReference = 4552CF45C665F949EBBF8413 /* Pods-News ChallengeTests.debug.xcconfig */;
			buildSettings = {
				ALWAYS_EMBED_SWIFT_STANDARD_LIBRARIES = YES;
				BUNDLE_LOADER = "$(TEST_HOST)";
				CODE_SIGN_STYLE = Automatic;
				INFOPLIST_FILE = "News ChallengeTests/Info.plist";
				IPHONEOS_DEPLOYMENT_TARGET = 14.0;
				LD_RUNPATH_SEARCH_PATHS = (
					"$(inherited)",
					"@executable_path/Frameworks",
					"@loader_path/Frameworks",
				);
				PRODUCT_BUNDLE_IDENTIFIER = "br.com.eduardoherzer.News-ChallengeTests";
				PRODUCT_NAME = "$(TARGET_NAME)";
				SWIFT_VERSION = 5.0;
				TARGETED_DEVICE_FAMILY = "1,2";
				TEST_HOST = "$(BUILT_PRODUCTS_DIR)/News Challenge.app/News Challenge";
			};
			name = Debug;
		};
		A927E23D25AD1CD3003E2F60 /* Release */ = {
			isa = XCBuildConfiguration;
			baseConfigurationReference = 4D2BE46CADE4D8909022C7C0 /* Pods-News ChallengeTests.release.xcconfig */;
			buildSettings = {
				ALWAYS_EMBED_SWIFT_STANDARD_LIBRARIES = YES;
				BUNDLE_LOADER = "$(TEST_HOST)";
				CODE_SIGN_STYLE = Automatic;
				INFOPLIST_FILE = "News ChallengeTests/Info.plist";
				IPHONEOS_DEPLOYMENT_TARGET = 14.0;
				LD_RUNPATH_SEARCH_PATHS = (
					"$(inherited)",
					"@executable_path/Frameworks",
					"@loader_path/Frameworks",
				);
				PRODUCT_BUNDLE_IDENTIFIER = "br.com.eduardoherzer.News-ChallengeTests";
				PRODUCT_NAME = "$(TARGET_NAME)";
				SWIFT_VERSION = 5.0;
				TARGETED_DEVICE_FAMILY = "1,2";
				TEST_HOST = "$(BUILT_PRODUCTS_DIR)/News Challenge.app/News Challenge";
			};
			name = Release;
		};
		A927E23F25AD1CD3003E2F60 /* Debug */ = {
			isa = XCBuildConfiguration;
			baseConfigurationReference = 268C2AD915220ECBDD7FD280 /* Pods-News Challenge-News ChallengeUITests.debug.xcconfig */;
			buildSettings = {
				ALWAYS_EMBED_SWIFT_STANDARD_LIBRARIES = YES;
				CODE_SIGN_STYLE = Automatic;
				INFOPLIST_FILE = "News ChallengeUITests/Info.plist";
				LD_RUNPATH_SEARCH_PATHS = (
					"$(inherited)",
					"@executable_path/Frameworks",
					"@loader_path/Frameworks",
				);
				PRODUCT_BUNDLE_IDENTIFIER = "br.com.eduardoherzer.News-ChallengeUITests";
				PRODUCT_NAME = "$(TARGET_NAME)";
				SWIFT_VERSION = 5.0;
				TARGETED_DEVICE_FAMILY = "1,2";
				TEST_TARGET_NAME = "News Challenge";
			};
			name = Debug;
		};
		A927E24025AD1CD3003E2F60 /* Release */ = {
			isa = XCBuildConfiguration;
			baseConfigurationReference = 2F2B260818B92B4F3A016824 /* Pods-News Challenge-News ChallengeUITests.release.xcconfig */;
			buildSettings = {
				ALWAYS_EMBED_SWIFT_STANDARD_LIBRARIES = YES;
				CODE_SIGN_STYLE = Automatic;
				INFOPLIST_FILE = "News ChallengeUITests/Info.plist";
				LD_RUNPATH_SEARCH_PATHS = (
					"$(inherited)",
					"@executable_path/Frameworks",
					"@loader_path/Frameworks",
				);
				PRODUCT_BUNDLE_IDENTIFIER = "br.com.eduardoherzer.News-ChallengeUITests";
				PRODUCT_NAME = "$(TARGET_NAME)";
				SWIFT_VERSION = 5.0;
				TARGETED_DEVICE_FAMILY = "1,2";
				TEST_TARGET_NAME = "News Challenge";
			};
			name = Release;
		};
/* End XCBuildConfiguration section */

/* Begin XCConfigurationList section */
		A927E20925AD1CD0003E2F60 /* Build configuration list for PBXProject "News Challenge" */ = {
			isa = XCConfigurationList;
			buildConfigurations = (
				A927E23625AD1CD3003E2F60 /* Debug */,
				A927E23725AD1CD3003E2F60 /* Release */,
			);
			defaultConfigurationIsVisible = 0;
			defaultConfigurationName = Release;
		};
		A927E23825AD1CD3003E2F60 /* Build configuration list for PBXNativeTarget "News Challenge" */ = {
			isa = XCConfigurationList;
			buildConfigurations = (
				A927E23925AD1CD3003E2F60 /* Debug */,
				A927E23A25AD1CD3003E2F60 /* Release */,
			);
			defaultConfigurationIsVisible = 0;
			defaultConfigurationName = Release;
		};
		A927E23B25AD1CD3003E2F60 /* Build configuration list for PBXNativeTarget "News ChallengeTests" */ = {
			isa = XCConfigurationList;
			buildConfigurations = (
				A927E23C25AD1CD3003E2F60 /* Debug */,
				A927E23D25AD1CD3003E2F60 /* Release */,
			);
			defaultConfigurationIsVisible = 0;
			defaultConfigurationName = Release;
		};
		A927E23E25AD1CD3003E2F60 /* Build configuration list for PBXNativeTarget "News ChallengeUITests" */ = {
			isa = XCConfigurationList;
			buildConfigurations = (
				A927E23F25AD1CD3003E2F60 /* Debug */,
				A927E24025AD1CD3003E2F60 /* Release */,
			);
			defaultConfigurationIsVisible = 0;
			defaultConfigurationName = Release;
		};
/* End XCConfigurationList section */
	};
	rootObject = A927E20625AD1CD0003E2F60 /* Project object */;
}
